
Microsoft Visual Studio Solution File, Format Version 12.00
# Visual Studio Version 17
VisualStudioVersion = 17.14.36429.23
MinimumVisualStudioVersion = 10.0.40219.1
Project("{2150E333-8FDC-42A3-9474-1A3956D46DE8}") = "Task0", "Task0", "{02EA681E-C7D8-13C7-8484-4AC65E1B71E8}"
EndProject
Project("{FAE04EC0-301F-11D3-BF4B-00C04F79EFBC}") = "Tyuiu.SvaykinVE.Sprint5.Task0.V12", "Tyuiu.SvaykinVE.Sprint5.Task0.V12\Tyuiu.SvaykinVE.Sprint5.Task0.V12.csproj", "{F35B7A3F-2AD5-41A1-9BCB-42AA6FD1EE8D}"
EndProject
Project("{FAE04EC0-301F-11D3-BF4B-00C04F79EFBC}") = "Tyuiu.SvaykinVE.Sprint5.Task0.V12.Lib", "Tyuiu.SvaykinVE.Sprint5.Task0.V12.Lib\Tyuiu.SvaykinVE.Sprint5.Task0.V12.Lib.csproj", "{4FCCE371-3498-418C-938B-222E0DDDC3DD}"
EndProject
Project("{FAE04EC0-301F-11D3-BF4B-00C04F79EFBC}") = "Tyuiu.SvaykinVE.Sprint5.Task0.V12.Test", "Tyuiu.SvaykinVE.Sprint5.Task0.V12.Test\Tyuiu.SvaykinVE.Sprint5.Task0.V12.Test.csproj", "{1937B31F-731A-4320-8E90-20DCCD640398}"
EndProject
Project("{2150E333-8FDC-42A3-9474-1A3956D46DE8}") = "Task1", "Task1", "{28997D3D-985C-468D-9084-AD976D07363F}"
EndProject
Project("{FAE04EC0-301F-11D3-BF4B-00C04F79EFBC}") = "Tyuiu.SvaykinVE.Sprint5.Task1.V17", "Tyuiu.SvaykinVE.Sprint5.Task1.V17\Tyuiu.SvaykinVE.Sprint5.Task1.V17.csproj", "{AE04CB7E-0EF5-4B6B-B8B1-101A0AD406E1}"
EndProject
Project("{FAE04EC0-301F-11D3-BF4B-00C04F79EFBC}") = "Tyuiu.SvaykinVE.Sprint5.Task1.V17.Lib", "Tyuiu.SvaykinVE.Sprint5.Task1.V17.Lib\Tyuiu.SvaykinVE.Sprint5.Task1.V17.Lib.csproj", "{82CBB60A-63B9-439A-8072-CA9122B75AA0}"
EndProject
Project("{FAE04EC0-301F-11D3-BF4B-00C04F79EFBC}") = "Tyuiu.SvaykinVE.Sprint5.Task1.V17.Test", "Tyuiu.SvaykinVE.Sprint5.Task1.V17.Test\Tyuiu.SvaykinVE.Sprint5.Task1.V17.Test.csproj", "{254260DC-C4D7-4520-A5D2-87E4130B6C47}"
EndProject
Project("{2150E333-8FDC-42A3-9474-1A3956D46DE8}") = "Task2", "Task2", "{48FFC168-611F-4B5E-9648-5B79FE067146}"
EndProject
Project("{FAE04EC0-301F-11D3-BF4B-00C04F79EFBC}") = "Tyuiu.SvaykinVE.Sprint5.Task2.V26", "Tyuiu.SvaykinVE.Sprint5.Task2.V26\Tyuiu.SvaykinVE.Sprint5.Task2.V26.csproj", "{2144B3C1-80B6-41AD-BB13-16AE543E3BD9}"
EndProject
Project("{FAE04EC0-301F-11D3-BF4B-00C04F79EFBC}") = "Tyuiu.SvaykinVE.Sprint5.Task2.V26.Lib", "Tyuiu.SvaykinVE.Sprint5.Task2.V26.Lib\Tyuiu.SvaykinVE.Sprint5.Task2.V26.Lib.csproj", "{520AEDD7-33A6-42CD-BA46-917FEC01148D}"
EndProject
Project("{FAE04EC0-301F-11D3-BF4B-00C04F79EFBC}") = "Tyuiu.SvaykinVE.Sprint5.Task2.V26.Test", "Tyuiu.SvaykinVE.Sprint5.Task2.V26.Test\Tyuiu.SvaykinVE.Sprint5.Task2.V26.Test.csproj", "{F3ECFE73-692B-47C4-8034-35E177B14E95}"
EndProject
Project("{2150E333-8FDC-42A3-9474-1A3956D46DE8}") = "Task3", "Task3", "{CC5404DF-3D78-4DDC-963E-5638A5301438}"
EndProject
Project("{FAE04EC0-301F-11D3-BF4B-00C04F79EFBC}") = "Tyuiu.SvaykinVE.Sprint5.Task3.V8", "Tyuiu.SvaykinVE.Sprint5.Task3.V8\Tyuiu.SvaykinVE.Sprint5.Task3.V8.csproj", "{9C239CE2-6B78-4706-85EC-EDB6D4EAC238}"
EndProject
Project("{FAE04EC0-301F-11D3-BF4B-00C04F79EFBC}") = "Tyuiu.SvaykinVE.Sprint5.Task3.V8.Lib", "Tyuiu.SvaykinVE.Sprint5.Task3.V8.Lib\Tyuiu.SvaykinVE.Sprint5.Task3.V8.Lib.csproj", "{B565BB3F-F258-453F-9978-7EE423277A9E}"
EndProject
Project("{FAE04EC0-301F-11D3-BF4B-00C04F79EFBC}") = "Tyuiu.SvaykinVE.Sprint5.Task3.V8.Test", "Tyuiu.SvaykinVE.Sprint5.Task3.V8.Test\Tyuiu.SvaykinVE.Sprint5.Task3.V8.Test.csproj", "{3C26E8C3-D880-4367-B511-76B55AA35B74}"
EndProject
Project("{2150E333-8FDC-42A3-9474-1A3956D46DE8}") = "Task4", "Task4", "{1F78AD15-E62B-4B4C-BCD5-95CD1FF0C8C6}"
EndProject
Project("{FAE04EC0-301F-11D3-BF4B-00C04F79EFBC}") = "Tyuiu.SvaykinVE.Sprint5.Task4.V19", "Tyuiu.SvaykinVE.Sprint5.Task4.V19\Tyuiu.SvaykinVE.Sprint5.Task4.V19.csproj", "{C4F36998-8682-4325-A464-748A3F0A4213}"
EndProject
Project("{FAE04EC0-301F-11D3-BF4B-00C04F79EFBC}") = "Tyuiu.SvaykinVE.Sprint5.Task4.V19.Lib", "Tyuiu.SvaykinVE.Sprint5.Task4.V19.Lib\Tyuiu.SvaykinVE.Sprint5.Task4.V19.Lib.csproj", "{D1A7BED4-147B-4A76-971B-81924DC35292}"
EndProject
Project("{FAE04EC0-301F-11D3-BF4B-00C04F79EFBC}") = "Tyuiu.SvaykinVE.Sprint5.Task4.V19.Test", "Tyuiu.SvaykinVE.Sprint5.Task4.V19.Test\Tyuiu.SvaykinVE.Sprint5.Task4.V19.Test.csproj", "{21ABAE74-B388-443E-8B25-7996185566BB}"
EndProject
Project("{2150E333-8FDC-42A3-9474-1A3956D46DE8}") = "Task5", "Task5", "{489D6E80-6F0D-4F88-8D6D-607BEE86AEF6}"
EndProject
Project("{FAE04EC0-301F-11D3-BF4B-00C04F79EFBC}") = "Tyuiu.SvaykinVE.Sprint5.Task5.V16", "Tyuiu.SvaykinVE.Sprint5.Task5.V16\Tyuiu.SvaykinVE.Sprint5.Task5.V16.csproj", "{727931C7-9098-48C4-83ED-D07A29EA0D70}"
EndProject
Project("{FAE04EC0-301F-11D3-BF4B-00C04F79EFBC}") = "Tyuiu.SvaykinVE.Sprint5.Task5.V16.Lib", "Tyuiu.SvaykinVE.Sprint5.Task5.V16.Lib\Tyuiu.SvaykinVE.Sprint5.Task5.V16.Lib.csproj", "{4F153D10-09D8-4744-B46E-EE22B810413E}"
EndProject
Project("{FAE04EC0-301F-11D3-BF4B-00C04F79EFBC}") = "Tyuiu.SvaykinVE.Sprint5.Task5.V16.Test", "Tyuiu.SvaykinVE.Sprint5.Task5.V16.Test\Tyuiu.SvaykinVE.Sprint5.Task5.V16.Test.csproj", "{D76BA1DE-06CF-4DA3-A729-A2BFAEE7502A}"
EndProject
Project("{2150E333-8FDC-42A3-9474-1A3956D46DE8}") = "Task6", "Task6", "{19055CA1-A1A7-452A-A84C-61A11AFF5664}"
EndProject
Project("{FAE04EC0-301F-11D3-BF4B-00C04F79EFBC}") = "Tyuiu.SvaykinVE.Sprint5.Task6.V22", "Tyuiu.SvaykinVE.Sprint5.Task6.V22\Tyuiu.SvaykinVE.Sprint5.Task6.V22.csproj", "{7D1BAC81-1F5C-4029-A5FC-77B73C4459D6}"
EndProject
Project("{FAE04EC0-301F-11D3-BF4B-00C04F79EFBC}") = "Tyuiu.SvaykinVE.Sprint5.Task6.V22.Lib", "Tyuiu.SvaykinVE.Sprint5.Task6.V22.Lib\Tyuiu.SvaykinVE.Sprint5.Task6.V22.Lib.csproj", "{06DC16CD-F3E8-4505-8752-3DA38D1B30B1}"
EndProject
Project("{FAE04EC0-301F-11D3-BF4B-00C04F79EFBC}") = "Tyuiu.SvaykinVE.Sprint5.Task6.V22.Test", "Tyuiu.SvaykinVE.Sprint5.Task6.V22.Test\Tyuiu.SvaykinVE.Sprint5.Task6.V22.Test.csproj", "{5915F058-4943-4CE9-B72B-F49AC8CDFA63}"
EndProject
Project("{2150E333-8FDC-42A3-9474-1A3956D46DE8}") = "Task7", "Task7", "{75EBA3EB-B713-4821-9B33-F44F0BE189C3}"
EndProject
Project("{FAE04EC0-301F-11D3-BF4B-00C04F79EFBC}") = "Tyuiu.SvaykinVE.Sprint5.Task7.V23", "Tyuiu.SvaykinVE.Sprint5.Task7.V23\Tyuiu.SvaykinVE.Sprint5.Task7.V23.csproj", "{7B113935-B0A8-4A86-80B9-A645BBC1FF26}"
EndProject
Project("{FAE04EC0-301F-11D3-BF4B-00C04F79EFBC}") = "Tyuiu.SvaykinVE.Sprint5.Task7.V23.Lib", "Tyuiu.SvaykinVE.Sprint5.Task7.V23.Lib\Tyuiu.SvaykinVE.Sprint5.Task7.V23.Lib.csproj", "{C37FA365-6BB6-4BDE-98F9-73BBF674CFD1}"
EndProject
Project("{FAE04EC0-301F-11D3-BF4B-00C04F79EFBC}") = "Tyuiu.SvaykinVE.Sprint5.Task7.V23.Test", "Tyuiu.SvaykinVE.Sprint5.Task7.V23.Test\Tyuiu.SvaykinVE.Sprint5.Task7.V23.Test.csproj", "{1181E6F3-6432-46B6-BD8A-560B116DDAFE}"
EndProject
Global
	GlobalSection(SolutionConfigurationPlatforms) = preSolution
		Debug|Any CPU = Debug|Any CPU
		Release|Any CPU = Release|Any CPU
	EndGlobalSection
	GlobalSection(ProjectConfigurationPlatforms) = postSolution
		{F35B7A3F-2AD5-41A1-9BCB-42AA6FD1EE8D}.Debug|Any CPU.ActiveCfg = Debug|Any CPU
		{F35B7A3F-2AD5-41A1-9BCB-42AA6FD1EE8D}.Debug|Any CPU.Build.0 = Debug|Any CPU
		{F35B7A3F-2AD5-41A1-9BCB-42AA6FD1EE8D}.Release|Any CPU.ActiveCfg = Release|Any CPU
		{F35B7A3F-2AD5-41A1-9BCB-42AA6FD1EE8D}.Release|Any CPU.Build.0 = Release|Any CPU
		{4FCCE371-3498-418C-938B-222E0DDDC3DD}.Debug|Any CPU.ActiveCfg = Debug|Any CPU
		{4FCCE371-3498-418C-938B-222E0DDDC3DD}.Debug|Any CPU.Build.0 = Debug|Any CPU
		{4FCCE371-3498-418C-938B-222E0DDDC3DD}.Release|Any CPU.ActiveCfg = Release|Any CPU
		{4FCCE371-3498-418C-938B-222E0DDDC3DD}.Release|Any CPU.Build.0 = Release|Any CPU
		{1937B31F-731A-4320-8E90-20DCCD640398}.Debug|Any CPU.ActiveCfg = Debug|Any CPU
		{1937B31F-731A-4320-8E90-20DCCD640398}.Debug|Any CPU.Build.0 = Debug|Any CPU
		{1937B31F-731A-4320-8E90-20DCCD640398}.Release|Any CPU.ActiveCfg = Release|Any CPU
		{1937B31F-731A-4320-8E90-20DCCD640398}.Release|Any CPU.Build.0 = Release|Any CPU
		{AE04CB7E-0EF5-4B6B-B8B1-101A0AD406E1}.Debug|Any CPU.ActiveCfg = Debug|Any CPU
		{AE04CB7E-0EF5-4B6B-B8B1-101A0AD406E1}.Debug|Any CPU.Build.0 = Debug|Any CPU
		{AE04CB7E-0EF5-4B6B-B8B1-101A0AD406E1}.Release|Any CPU.ActiveCfg = Release|Any CPU
		{AE04CB7E-0EF5-4B6B-B8B1-101A0AD406E1}.Release|Any CPU.Build.0 = Release|Any CPU
		{82CBB60A-63B9-439A-8072-CA9122B75AA0}.Debug|Any CPU.ActiveCfg = Debug|Any CPU
		{82CBB60A-63B9-439A-8072-CA9122B75AA0}.Debug|Any CPU.Build.0 = Debug|Any CPU
		{82CBB60A-63B9-439A-8072-CA9122B75AA0}.Release|Any CPU.ActiveCfg = Release|Any CPU
		{82CBB60A-63B9-439A-8072-CA9122B75AA0}.Release|Any CPU.Build.0 = Release|Any CPU
		{254260DC-C4D7-4520-A5D2-87E4130B6C47}.Debug|Any CPU.ActiveCfg = Debug|Any CPU
		{254260DC-C4D7-4520-A5D2-87E4130B6C47}.Debug|Any CPU.Build.0 = Debug|Any CPU
		{254260DC-C4D7-4520-A5D2-87E4130B6C47}.Release|Any CPU.ActiveCfg = Release|Any CPU
		{254260DC-C4D7-4520-A5D2-87E4130B6C47}.Release|Any CPU.Build.0 = Release|Any CPU
		{2144B3C1-80B6-41AD-BB13-16AE543E3BD9}.Debug|Any CPU.ActiveCfg = Debug|Any CPU
		{2144B3C1-80B6-41AD-BB13-16AE543E3BD9}.Debug|Any CPU.Build.0 = Debug|Any CPU
		{2144B3C1-80B6-41AD-BB13-16AE543E3BD9}.Release|Any CPU.ActiveCfg = Release|Any CPU
		{2144B3C1-80B6-41AD-BB13-16AE543E3BD9}.Release|Any CPU.Build.0 = Release|Any CPU
		{520AEDD7-33A6-42CD-BA46-917FEC01148D}.Debug|Any CPU.ActiveCfg = Debug|Any CPU
		{520AEDD7-33A6-42CD-BA46-917FEC01148D}.Debug|Any CPU.Build.0 = Debug|Any CPU
		{520AEDD7-33A6-42CD-BA46-917FEC01148D}.Release|Any CPU.ActiveCfg = Release|Any CPU
		{520AEDD7-33A6-42CD-BA46-917FEC01148D}.Release|Any CPU.Build.0 = Release|Any CPU
		{F3ECFE73-692B-47C4-8034-35E177B14E95}.Debug|Any CPU.ActiveCfg = Debug|Any CPU
		{F3ECFE73-692B-47C4-8034-35E177B14E95}.Debug|Any CPU.Build.0 = Debug|Any CPU
		{F3ECFE73-692B-47C4-8034-35E177B14E95}.Release|Any CPU.ActiveCfg = Release|Any CPU
		{F3ECFE73-692B-47C4-8034-35E177B14E95}.Release|Any CPU.Build.0 = Release|Any CPU
		{9C239CE2-6B78-4706-85EC-EDB6D4EAC238}.Debug|Any CPU.ActiveCfg = Debug|Any CPU
		{9C239CE2-6B78-4706-85EC-EDB6D4EAC238}.Debug|Any CPU.Build.0 = Debug|Any CPU
		{9C239CE2-6B78-4706-85EC-EDB6D4EAC238}.Release|Any CPU.ActiveCfg = Release|Any CPU
		{9C239CE2-6B78-4706-85EC-EDB6D4EAC238}.Release|Any CPU.Build.0 = Release|Any CPU
		{B565BB3F-F258-453F-9978-7EE423277A9E}.Debug|Any CPU.ActiveCfg = Debug|Any CPU
		{B565BB3F-F258-453F-9978-7EE423277A9E}.Debug|Any CPU.Build.0 = Debug|Any CPU
		{B565BB3F-F258-453F-9978-7EE423277A9E}.Release|Any CPU.ActiveCfg = Release|Any CPU
		{B565BB3F-F258-453F-9978-7EE423277A9E}.Release|Any CPU.Build.0 = Release|Any CPU
		{3C26E8C3-D880-4367-B511-76B55AA35B74}.Debug|Any CPU.ActiveCfg = Debug|Any CPU
		{3C26E8C3-D880-4367-B511-76B55AA35B74}.Debug|Any CPU.Build.0 = Debug|Any CPU
		{3C26E8C3-D880-4367-B511-76B55AA35B74}.Release|Any CPU.ActiveCfg = Release|Any CPU
		{3C26E8C3-D880-4367-B511-76B55AA35B74}.Release|Any CPU.Build.0 = Release|Any CPU
		{C4F36998-8682-4325-A464-748A3F0A4213}.Debug|Any CPU.ActiveCfg = Debug|Any CPU
		{C4F36998-8682-4325-A464-748A3F0A4213}.Debug|Any CPU.Build.0 = Debug|Any CPU
		{C4F36998-8682-4325-A464-748A3F0A4213}.Release|Any CPU.ActiveCfg = Release|Any CPU
		{C4F36998-8682-4325-A464-748A3F0A4213}.Release|Any CPU.Build.0 = Release|Any CPU
		{D1A7BED4-147B-4A76-971B-81924DC35292}.Debug|Any CPU.ActiveCfg = Debug|Any CPU
		{D1A7BED4-147B-4A76-971B-81924DC35292}.Debug|Any CPU.Build.0 = Debug|Any CPU
		{D1A7BED4-147B-4A76-971B-81924DC35292}.Release|Any CPU.ActiveCfg = Release|Any CPU
		{D1A7BED4-147B-4A76-971B-81924DC35292}.Release|Any CPU.Build.0 = Release|Any CPU
		{21ABAE74-B388-443E-8B25-7996185566BB}.Debug|Any CPU.ActiveCfg = Debug|Any CPU
		{21ABAE74-B388-443E-8B25-7996185566BB}.Debug|Any CPU.Build.0 = Debug|Any CPU
		{21ABAE74-B388-443E-8B25-7996185566BB}.Release|Any CPU.ActiveCfg = Release|Any CPU
		{21ABAE74-B388-443E-8B25-7996185566BB}.Release|Any CPU.Build.0 = Release|Any CPU
		{727931C7-9098-48C4-83ED-D07A29EA0D70}.Debug|Any CPU.ActiveCfg = Debug|Any CPU
		{727931C7-9098-48C4-83ED-D07A29EA0D70}.Debug|Any CPU.Build.0 = Debug|Any CPU
		{727931C7-9098-48C4-83ED-D07A29EA0D70}.Release|Any CPU.ActiveCfg = Release|Any CPU
		{727931C7-9098-48C4-83ED-D07A29EA0D70}.Release|Any CPU.Build.0 = Release|Any CPU
		{4F153D10-09D8-4744-B46E-EE22B810413E}.Debug|Any CPU.ActiveCfg = Debug|Any CPU
		{4F153D10-09D8-4744-B46E-EE22B810413E}.Debug|Any CPU.Build.0 = Debug|Any CPU
		{4F153D10-09D8-4744-B46E-EE22B810413E}.Release|Any CPU.ActiveCfg = Release|Any CPU
		{4F153D10-09D8-4744-B46E-EE22B810413E}.Release|Any CPU.Build.0 = Release|Any CPU
		{D76BA1DE-06CF-4DA3-A729-A2BFAEE7502A}.Debug|Any CPU.ActiveCfg = Debug|Any CPU
		{D76BA1DE-06CF-4DA3-A729-A2BFAEE7502A}.Debug|Any CPU.Build.0 = Debug|Any CPU
		{D76BA1DE-06CF-4DA3-A729-A2BFAEE7502A}.Release|Any CPU.ActiveCfg = Release|Any CPU
		{D76BA1DE-06CF-4DA3-A729-A2BFAEE7502A}.Release|Any CPU.Build.0 = Release|Any CPU
		{7D1BAC81-1F5C-4029-A5FC-77B73C4459D6}.Debug|Any CPU.ActiveCfg = Debug|Any CPU
		{7D1BAC81-1F5C-4029-A5FC-77B73C4459D6}.Debug|Any CPU.Build.0 = Debug|Any CPU
		{7D1BAC81-1F5C-4029-A5FC-77B73C4459D6}.Release|Any CPU.ActiveCfg = Release|Any CPU
		{7D1BAC81-1F5C-4029-A5FC-77B73C4459D6}.Release|Any CPU.Build.0 = Release|Any CPU
		{06DC16CD-F3E8-4505-8752-3DA38D1B30B1}.Debug|Any CPU.ActiveCfg = Debug|Any CPU
		{06DC16CD-F3E8-4505-8752-3DA38D1B30B1}.Debug|Any CPU.Build.0 = Debug|Any CPU
		{06DC16CD-F3E8-4505-8752-3DA38D1B30B1}.Release|Any CPU.ActiveCfg = Release|Any CPU
		{06DC16CD-F3E8-4505-8752-3DA38D1B30B1}.Release|Any CPU.Build.0 = Release|Any CPU
		{5915F058-4943-4CE9-B72B-F49AC8CDFA63}.Debug|Any CPU.ActiveCfg = Debug|Any CPU
		{5915F058-4943-4CE9-B72B-F49AC8CDFA63}.Debug|Any CPU.Build.0 = Debug|Any CPU
		{5915F058-4943-4CE9-B72B-F49AC8CDFA63}.Release|Any CPU.ActiveCfg = Release|Any CPU
		{5915F058-4943-4CE9-B72B-F49AC8CDFA63}.Release|Any CPU.Build.0 = Release|Any CPU
		{7B113935-B0A8-4A86-80B9-A645BBC1FF26}.Debug|Any CPU.ActiveCfg = Debug|Any CPU
		{7B113935-B0A8-4A86-80B9-A645BBC1FF26}.Debug|Any CPU.Build.0 = Debug|Any CPU
		{7B113935-B0A8-4A86-80B9-A645BBC1FF26}.Release|Any CPU.ActiveCfg = Release|Any CPU
		{7B113935-B0A8-4A86-80B9-A645BBC1FF26}.Release|Any CPU.Build.0 = Release|Any CPU
		{C37FA365-6BB6-4BDE-98F9-73BBF674CFD1}.Debug|Any CPU.ActiveCfg = Debug|Any CPU
		{C37FA365-6BB6-4BDE-98F9-73BBF674CFD1}.Debug|Any CPU.Build.0 = Debug|Any CPU
		{C37FA365-6BB6-4BDE-98F9-73BBF674CFD1}.Release|Any CPU.ActiveCfg = Release|Any CPU
		{C37FA365-6BB6-4BDE-98F9-73BBF674CFD1}.Release|Any CPU.Build.0 = Release|Any CPU
		{1181E6F3-6432-46B6-BD8A-560B116DDAFE}.Debug|Any CPU.ActiveCfg = Debug|Any CPU
		{1181E6F3-6432-46B6-BD8A-560B116DDAFE}.Debug|Any CPU.Build.0 = Debug|Any CPU
		{1181E6F3-6432-46B6-BD8A-560B116DDAFE}.Release|Any CPU.ActiveCfg = Release|Any CPU
		{1181E6F3-6432-46B6-BD8A-560B116DDAFE}.Release|Any CPU.Build.0 = Release|Any CPU
	EndGlobalSection
	GlobalSection(SolutionProperties) = preSolution
		HideSolutionNode = FALSE
	EndGlobalSection
	GlobalSection(NestedProjects) = preSolution
		{F35B7A3F-2AD5-41A1-9BCB-42AA6FD1EE8D} = {02EA681E-C7D8-13C7-8484-4AC65E1B71E8}
		{4FCCE371-3498-418C-938B-222E0DDDC3DD} = {02EA681E-C7D8-13C7-8484-4AC65E1B71E8}
		{1937B31F-731A-4320-8E90-20DCCD640398} = {02EA681E-C7D8-13C7-8484-4AC65E1B71E8}
		{AE04CB7E-0EF5-4B6B-B8B1-101A0AD406E1} = {28997D3D-985C-468D-9084-AD976D07363F}
		{82CBB60A-63B9-439A-8072-CA9122B75AA0} = {28997D3D-985C-468D-9084-AD976D07363F}
		{254260DC-C4D7-4520-A5D2-87E4130B6C47} = {28997D3D-985C-468D-9084-AD976D07363F}
		{2144B3C1-80B6-41AD-BB13-16AE543E3BD9} = {48FFC168-611F-4B5E-9648-5B79FE067146}
		{520AEDD7-33A6-42CD-BA46-917FEC01148D} = {48FFC168-611F-4B5E-9648-5B79FE067146}
		{F3ECFE73-692B-47C4-8034-35E177B14E95} = {48FFC168-611F-4B5E-9648-5B79FE067146}
		{9C239CE2-6B78-4706-85EC-EDB6D4EAC238} = {CC5404DF-3D78-4DDC-963E-5638A5301438}
		{B565BB3F-F258-453F-9978-7EE423277A9E} = {CC5404DF-3D78-4DDC-963E-5638A5301438}
		{3C26E8C3-D880-4367-B511-76B55AA35B74} = {CC5404DF-3D78-4DDC-963E-5638A5301438}
		{C4F36998-8682-4325-A464-748A3F0A4213} = {1F78AD15-E62B-4B4C-BCD5-95CD1FF0C8C6}
		{D1A7BED4-147B-4A76-971B-81924DC35292} = {1F78AD15-E62B-4B4C-BCD5-95CD1FF0C8C6}
		{21ABAE74-B388-443E-8B25-7996185566BB} = {1F78AD15-E62B-4B4C-BCD5-95CD1FF0C8C6}
		{727931C7-9098-48C4-83ED-D07A29EA0D70} = {489D6E80-6F0D-4F88-8D6D-607BEE86AEF6}
		{4F153D10-09D8-4744-B46E-EE22B810413E} = {489D6E80-6F0D-4F88-8D6D-607BEE86AEF6}
		{D76BA1DE-06CF-4DA3-A729-A2BFAEE7502A} = {489D6E80-6F0D-4F88-8D6D-607BEE86AEF6}
		{7D1BAC81-1F5C-4029-A5FC-77B73C4459D6} = {19055CA1-A1A7-452A-A84C-61A11AFF5664}
		{06DC16CD-F3E8-4505-8752-3DA38D1B30B1} = {19055CA1-A1A7-452A-A84C-61A11AFF5664}
		{5915F058-4943-4CE9-B72B-F49AC8CDFA63} = {19055CA1-A1A7-452A-A84C-61A11AFF5664}
		{7B113935-B0A8-4A86-80B9-A645BBC1FF26} = {75EBA3EB-B713-4821-9B33-F44F0BE189C3}
		{C37FA365-6BB6-4BDE-98F9-73BBF674CFD1} = {75EBA3EB-B713-4821-9B33-F44F0BE189C3}
		{1181E6F3-6432-46B6-BD8A-560B116DDAFE} = {75EBA3EB-B713-4821-9B33-F44F0BE189C3}
	EndGlobalSection
	GlobalSection(ExtensibilityGlobals) = postSolution
		SolutionGuid = {7742DA9F-EB24-42BF-B427-1D3B826BDBFA}
	EndGlobalSection
EndGlobal
